
Microsoft Visual Studio Solution File, Format Version 12.00
# Visual Studio 2012
Project("{FAE04EC0-301F-11D3-BF4B-00C04F79EFBC}") = "zadatak41", "zadatak41\zadatak41.csproj", "{E58E7D97-C074-49DA-9ED3-2EF676AD5C0D}"
EndProject
Global
	GlobalSection(SolutionConfigurationPlatforms) = preSolution
		Debug|Any CPU = Debug|Any CPU
		Release|Any CPU = Release|Any CPU
	EndGlobalSection
	GlobalSection(ProjectConfigurationPlatforms) = postSolution
		{E58E7D97-C074-49DA-9ED3-2EF676AD5C0D}.Debug|Any CPU.ActiveCfg = Debug|Any CPU
		{E58E7D97-C074-49DA-9ED3-2EF676AD5C0D}.Debug|Any CPU.Build.0 = Debug|Any CPU
		{E58E7D97-C074-49DA-9ED3-2EF676AD5C0D}.Release|Any CPU.ActiveCfg = Release|Any CPU
		{E58E7D97-C074-49DA-9ED3-2EF676AD5C0D}.Release|Any CPU.Build.0 = Release|Any CPU
	EndGlobalSection
	GlobalSection(SolutionProperties) = preSolution
		HideSolutionNode = FALSE
	EndGlobalSection
EndGlobal
