
Microsoft Visual Studio Solution File, Format Version 12.00
# Visual Studio 2012
Project("{FAE04EC0-301F-11D3-BF4B-00C04F79EFBC}") = "zadatak37", "zadatak37\zadatak37.csproj", "{7A999747-6984-4365-90B6-1DE2808DE64C}"
EndProject
Global
	GlobalSection(SolutionConfigurationPlatforms) = preSolution
		Debug|Any CPU = Debug|Any CPU
		Release|Any CPU = Release|Any CPU
	EndGlobalSection
	GlobalSection(ProjectConfigurationPlatforms) = postSolution
		{7A999747-6984-4365-90B6-1DE2808DE64C}.Debug|Any CPU.ActiveCfg = Debug|Any CPU
		{7A999747-6984-4365-90B6-1DE2808DE64C}.Debug|Any CPU.Build.0 = Debug|Any CPU
		{7A999747-6984-4365-90B6-1DE2808DE64C}.Release|Any CPU.ActiveCfg = Release|Any CPU
		{7A999747-6984-4365-90B6-1DE2808DE64C}.Release|Any CPU.Build.0 = Release|Any CPU
	EndGlobalSection
	GlobalSection(SolutionProperties) = preSolution
		HideSolutionNode = FALSE
	EndGlobalSection
EndGlobal
