
Microsoft Visual Studio Solution File, Format Version 12.00
# Visual Studio 2012
Project("{FAE04EC0-301F-11D3-BF4B-00C04F79EFBC}") = "Zadatak32", "Zadatak32\Zadatak32.csproj", "{920F39C1-227C-4D97-B33C-94014E65C8F9}"
EndProject
Global
	GlobalSection(SolutionConfigurationPlatforms) = preSolution
		Debug|Any CPU = Debug|Any CPU
		Release|Any CPU = Release|Any CPU
	EndGlobalSection
	GlobalSection(ProjectConfigurationPlatforms) = postSolution
		{920F39C1-227C-4D97-B33C-94014E65C8F9}.Debug|Any CPU.ActiveCfg = Debug|Any CPU
		{920F39C1-227C-4D97-B33C-94014E65C8F9}.Debug|Any CPU.Build.0 = Debug|Any CPU
		{920F39C1-227C-4D97-B33C-94014E65C8F9}.Release|Any CPU.ActiveCfg = Release|Any CPU
		{920F39C1-227C-4D97-B33C-94014E65C8F9}.Release|Any CPU.Build.0 = Release|Any CPU
	EndGlobalSection
	GlobalSection(SolutionProperties) = preSolution
		HideSolutionNode = FALSE
	EndGlobalSection
EndGlobal
