
Microsoft Visual Studio Solution File, Format Version 12.00
# Visual Studio 2012
Project("{FAE04EC0-301F-11D3-BF4B-00C04F79EFBC}") = "zadatak49", "zadatak49\zadatak49.csproj", "{A675772F-9D7F-49F0-894F-4A4772589D6B}"
EndProject
Global
	GlobalSection(SolutionConfigurationPlatforms) = preSolution
		Debug|Any CPU = Debug|Any CPU
		Release|Any CPU = Release|Any CPU
	EndGlobalSection
	GlobalSection(ProjectConfigurationPlatforms) = postSolution
		{A675772F-9D7F-49F0-894F-4A4772589D6B}.Debug|Any CPU.ActiveCfg = Debug|Any CPU
		{A675772F-9D7F-49F0-894F-4A4772589D6B}.Debug|Any CPU.Build.0 = Debug|Any CPU
		{A675772F-9D7F-49F0-894F-4A4772589D6B}.Release|Any CPU.ActiveCfg = Release|Any CPU
		{A675772F-9D7F-49F0-894F-4A4772589D6B}.Release|Any CPU.Build.0 = Release|Any CPU
	EndGlobalSection
	GlobalSection(SolutionProperties) = preSolution
		HideSolutionNode = FALSE
	EndGlobalSection
EndGlobal
