
Microsoft Visual Studio Solution File, Format Version 12.00
# Visual Studio 2012
Project("{FAE04EC0-301F-11D3-BF4B-00C04F79EFBC}") = "zadatak43_getset", "zadatak43_getset\zadatak43_getset.csproj", "{76617840-B41D-4490-8E12-002563B13087}"
EndProject
Global
	GlobalSection(SolutionConfigurationPlatforms) = preSolution
		Debug|Any CPU = Debug|Any CPU
		Release|Any CPU = Release|Any CPU
	EndGlobalSection
	GlobalSection(ProjectConfigurationPlatforms) = postSolution
		{76617840-B41D-4490-8E12-002563B13087}.Debug|Any CPU.ActiveCfg = Debug|Any CPU
		{76617840-B41D-4490-8E12-002563B13087}.Debug|Any CPU.Build.0 = Debug|Any CPU
		{76617840-B41D-4490-8E12-002563B13087}.Release|Any CPU.ActiveCfg = Release|Any CPU
		{76617840-B41D-4490-8E12-002563B13087}.Release|Any CPU.Build.0 = Release|Any CPU
	EndGlobalSection
	GlobalSection(SolutionProperties) = preSolution
		HideSolutionNode = FALSE
	EndGlobalSection
EndGlobal
